lockfileVersion: '9.0'

settings:
  autoInstallPeers: true
  excludeLinksFromLockfile: false

importers:

  .:
    devDependencies:
      '@k03mad/oxlint-config':
        specifier: 0.4.0
        version: 0.4.0
      husky:
        specifier: 9.1.7
        version: 9.1.7
      oxfmt:
        specifier: 0.43.0
        version: 0.43.0
      oxlint:
        specifier: 1.56.0
        version: 1.56.0

packages:

  '@k03mad/oxlint-config@0.4.0':
    resolution: {integrity: sha512-AYen5cc7CBAG9a9tEPPgyCpIqkjLBV7X2y+rAtBiukiJaSu9Qyi8YlGsowBNcLI/WiVN+d6uJ5HGt8FfAYhO8g==}
    engines: {node: '>=24'}

  '@oxfmt/binding-android-arm-eabi@0.43.0':
    resolution: {integrity: sha512-CgU2s+/9hHZgo0IxVxrbMPrMj+tJ6VM3mD7Mr/4oiz4FNTISLoCvRmB5nk4wAAle045RtRjd86m673jwPyb1OQ==}
    engines: {node: ^20.19.0 || >=22.12.0}
    cpu: [arm]
    os: [android]

  '@oxfmt/binding-android-arm64@0.43.0':
    resolution: {integrity: sha512-T9OfRwjA/EdYxAqbvR7TtqLv5nIrwPXuCtTwOHtS7aR9uXyn74ZYgzgTo6/ZwvTq9DY4W+DsV09hB2EXgn9EbA==}
    engines: {node: ^20.19.0 || >=22.12.0}
    cpu: [arm64]
    os: [android]

  '@oxfmt/binding-darwin-arm64@0.43.0':
    resolution: {integrity: sha512-o3i49ZUSJWANzXMAAVY1wnqb65hn4JVzwlRQ5qfcwhRzIA8lGVaud31Q3by5ALHPrksp5QEaKCQF9aAS3TXpZA==}
    engines: {node: ^20.19.0 || >=22.12.0}
    cpu: [arm64]
    os: [darwin]

  '@oxfmt/binding-darwin-x64@0.43.0':
    resolution: {integrity: sha512-vWECzzCFkb0kK6jaHjbtC5sC3adiNWtqawFCxhpvsWlzVeKmv5bNvkB4nux+o4JKWTpHCM57NDK/MeXt44txmA==}
    engines: {node: ^20.19.0 || >=22.12.0}
    cpu: [x64]
    os: [darwin]

  '@oxfmt/binding-freebsd-x64@0.43.0':
    resolution: {integrity: sha512-rgz8JpkKiI/umOf7fl9gwKyQasC8bs5SYHy6g7e4SunfLBY3+8ATcD5caIg8KLGEtKFm5ujKaH8EfjcmnhzTLg==}
    engines: {node: ^20.19.0 || >=22.12.0}
    cpu: [x64]
    os: [freebsd]

  '@oxfmt/binding-linux-arm-gnueabihf@0.43.0':
    resolution: {integrity: sha512-nWYnF3vIFzT4OM1qL/HSf1Yuj96aBuKWSaObXHSWliwAk2rcj7AWd6Lf7jowEBQMo4wCZVnueIGw/7C4u0KTBQ==}
    engines: {node: ^20.19.0 || >=22.12.0}
    cpu: [arm]
    os: [linux]

  '@oxfmt/binding-linux-arm-musleabihf@0.43.0':
    resolution: {integrity: sha512-sFg+NWJbLfupYTF4WELHAPSnLPOn1jiDZ33Z1jfDnTaA+cC3iB35x0FMMZTFdFOz3icRIArncwCcemJFGXu6TQ==}
    engines: {node: ^20.19.0 || >=22.12.0}
    cpu: [arm]
    os: [linux]

  '@oxfmt/binding-linux-arm64-gnu@0.43.0':
    resolution: {integrity: sha512-MelWqv68tX6wZEILDrTc9yewiGXe7im62+5x0bNXlCYFOZdA+VnYiJfAihbROsZ5fm90p9C3haFrqjj43XnlAA==}
    engines: {node: ^20.19.0 || >=22.12.0}
    cpu: [arm64]
    os: [linux]

  '@oxfmt/binding-linux-arm64-musl@0.43.0':
    resolution: {integrity: sha512-ROaWfYh+6BSJ1Arwy5ujijTlwnZetxDxzBpDc1oBR4d7rfrPBqzeyjd5WOudowzQUgyavl2wEpzn1hw3jWcqLA==}
    engines: {node: ^20.19.0 || >=22.12.0}
    cpu: [arm64]
    os: [linux]

  '@oxfmt/binding-linux-ppc64-gnu@0.43.0':
    resolution: {integrity: sha512-PJRs/uNxmFipJJ8+SyKHh7Y7VZIKQicqrrBzvfyM5CtKi8D7yZKTwUOZV3ffxmiC2e7l1SDJpkBEOyue5NAFsg==}
    engines: {node: ^20.19.0 || >=22.12.0}
    cpu: [ppc64]
    os: [linux]

  '@oxfmt/binding-linux-riscv64-gnu@0.43.0':
    resolution: {integrity: sha512-j6biGAgzIhj+EtHXlbNumvwG7XqOIdiU4KgIWRXAEj/iUbHKukKW8eXa4MIwpQwW1YkxovduKtzEAPnjlnAhVQ==}
    engines: {node: ^20.19.0 || >=22.12.0}
    cpu: [riscv64]
    os: [linux]

  '@oxfmt/binding-linux-riscv64-musl@0.43.0':
    resolution: {integrity: sha512-RYWxAcslKxvy7yri24Xm9cmD0RiANaiEPs007EFG6l9h1ChM69Q5SOzACaCoz4Z9dEplnhhneeBaTWMEdpgIbA==}
    engines: {node: ^20.19.0 || >=22.12.0}
    cpu: [riscv64]
    os: [linux]

  '@oxfmt/binding-linux-s390x-gnu@0.43.0':
    resolution: {integrity: sha512-DT6Q8zfQQy3jxpezAsBACEHNUUixKSYTwdXeXojNHe4DQOoxjPdjr3Szu6BRNjxLykZM/xMNmp9ElOIyDppwtw==}
    engines: {node: ^20.19.0 || >=22.12.0}
    cpu: [s390x]
    os: [linux]

  '@oxfmt/binding-linux-x64-gnu@0.43.0':
    resolution: {integrity: sha512-R8Yk7iYcuZORXmCfFZClqbDxRZgZ9/HEidUuBNdoX8Ptx07cMePnMVJ/woB84lFIDjh2ROHVaOP40Ds3rBXFqg==}
    engines: {node: ^20.19.0 || >=22.12.0}
    cpu: [x64]
    os: [linux]

  '@oxfmt/binding-linux-x64-musl@0.43.0':
    resolution: {integrity: sha512-F2YYqyvnQNvi320RWZNAvsaWEHwmW3k4OwNJ1hZxRKXupY63expbBaNp6jAgvYs7y/g546vuQnGHQuCBhslhLQ==}
    engines: {node: ^20.19.0 || >=22.12.0}
    cpu: [x64]
    os: [linux]

  '@oxfmt/binding-openharmony-arm64@0.43.0':
    resolution: {integrity: sha512-OE6TdietLXV3F6c7pNIhx/9YC1/2YFwjU9DPc/fbjxIX19hNIaP1rS0cFjCGJlGX+cVJwIKWe8Mos+LdQ1yAJw==}
    engines: {node: ^20.19.0 || >=22.12.0}
    cpu: [arm64]
    os: [openharmony]

  '@oxfmt/binding-win32-arm64-msvc@0.43.0':
    resolution: {integrity: sha512-0nWK6a7pGkbdoypfVicmV9k/N1FwjPZENoqhlTU+5HhZnAhpIO3za30nEE33u6l6tuy9OVfpdXUqxUgZ+4lbZw==}
    engines: {node: ^20.19.0 || >=22.12.0}
    cpu: [arm64]
    os: [win32]

  '@oxfmt/binding-win32-ia32-msvc@0.43.0':
    resolution: {integrity: sha512-9aokTR4Ft+tRdvgN/pKzSkVy2ksc4/dCpDm9L/xFrbIw0yhLtASLbvoG/5WOTUh/BRPPnfGTsWznEqv0dlOmhA==}
    engines: {node: ^20.19.0 || >=22.12.0}
    cpu: [ia32]
    os: [win32]

  '@oxfmt/binding-win32-x64-msvc@0.43.0':
    resolution: {integrity: sha512-4bPgdQux2ZLWn3bf2TTXXMHcJB4lenmuxrLqygPmvCJ104Yqzj1UctxSRzR31TiJ4MLaG22RK8dUsVpJtrCz5g==}
    engines: {node: ^20.19.0 || >=22.12.0}
    cpu: [x64]
    os: [win32]

  '@oxlint/binding-android-arm-eabi@1.56.0':
    resolution: {integrity: sha512-IyfYPthZyiSKwAv/dLjeO18SaK8MxLI9Yss2JrRDyweQAkuL3LhEy7pwIwI7uA3KQc1Vdn20kdmj3q0oUIQL6A==}
    engines: {node: ^20.19.0 || >=22.12.0}
    cpu: [arm]
    os: [android]

  '@oxlint/binding-android-arm64@1.56.0':
    resolution: {integrity: sha512-Ga5zYrzH6vc/VFxhn6MmyUnYEfy9vRpwTIks99mY3j6Nz30yYpIkWryI0QKPCgvGUtDSXVLEaMum5nA+WrNOSg==}
    engines: {node: ^20.19.0 || >=22.12.0}
    cpu: [arm64]
    os: [android]

  '@oxlint/binding-darwin-arm64@1.56.0':
    resolution: {integrity: sha512-ogmbdJysnw/D4bDcpf1sPLpFThZ48lYp4aKYm10Z/6Nh1SON6NtnNhTNOlhEY296tDFItsZUz+2tgcSYqh8Eyw==}
    engines: {node: ^20.19.0 || >=22.12.0}
    cpu: [arm64]
    os: [darwin]

  '@oxlint/binding-darwin-x64@1.56.0':
    resolution: {integrity: sha512-x8QE1h+RAtQ2g+3KPsP6Fk/tdz6zJQUv5c7fTrJxXV3GHOo+Ry5p/PsogU4U+iUZg0rj6hS+E4xi+mnwwlDCWQ==}
    engines: {node: ^20.19.0 || >=22.12.0}
    cpu: [x64]
    os: [darwin]

  '@oxlint/binding-freebsd-x64@1.56.0':
    resolution: {integrity: sha512-6G+WMZvwJpMvY7my+/SHEjb7BTk/PFbePqLpmVmUJRIsJMy/UlyYqjpuh0RCgYYkPLcnXm1rUM04kbTk8yS1Yg==}
    engines: {node: ^20.19.0 || >=22.12.0}
    cpu: [x64]
    os: [freebsd]

  '@oxlint/binding-linux-arm-gnueabihf@1.56.0':
    resolution: {integrity: sha512-YYHBsk/sl7fYwQOok+6W5lBPeUEvisznV/HZD2IfZmF3Bns6cPC3Z0vCtSEOaAWTjYWN3jVsdu55jMxKlsdlhg==}
    engines: {node: ^20.19.0 || >=22.12.0}
    cpu: [arm]
    os: [linux]

  '@oxlint/binding-linux-arm-musleabihf@1.56.0':
    resolution: {integrity: sha512-+AZK8rOUr78y8WT6XkDb04IbMRqauNV+vgT6f8ZLOH8wnpQ9i7Nol0XLxAu+Cq7Sb+J9wC0j6Km5hG8rj47/yQ==}
    engines: {node: ^20.19.0 || >=22.12.0}
    cpu: [arm]
    os: [linux]

  '@oxlint/binding-linux-arm64-gnu@1.56.0':
    resolution: {integrity: sha512-urse2SnugwJRojUkGSSeH2LPMaje5Q50yQtvtL9HFckiyeqXzoFwOAZqD5TR29R2lq7UHidfFDM9EGcchcbb8A==}
    engines: {node: ^20.19.0 || >=22.12.0}
    cpu: [arm64]
    os: [linux]

  '@oxlint/binding-linux-arm64-musl@1.56.0':
    resolution: {integrity: sha512-rkTZkBfJ4TYLjansjSzL6mgZOdN5IvUnSq3oNJSLwBcNvy3dlgQtpHPrRxrCEbbcp7oQ6If0tkNaqfOsphYZ9g==}
    engines: {node: ^20.19.0 || >=22.12.0}
    cpu: [arm64]
    os: [linux]

  '@oxlint/binding-linux-ppc64-gnu@1.56.0':
    resolution: {integrity: sha512-uqL1kMH3u69/e1CH2EJhP3CP28jw2ExLsku4o8RVAZ7fySo9zOyI2fy9pVlTAp4voBLVgzndXi3SgtdyCTa2aA==}
    engines: {node: ^20.19.0 || >=22.12.0}
    cpu: [ppc64]
    os: [linux]

  '@oxlint/binding-linux-riscv64-gnu@1.56.0':
    resolution: {integrity: sha512-j0CcMBOgV6KsRaBdsebIeiy7hCjEvq2KdEsiULf2LZqAq0v1M1lWjelhCV57LxsqaIGChXFuFJ0RiFrSRHPhSg==}
    engines: {node: ^20.19.0 || >=22.12.0}
    cpu: [riscv64]
    os: [linux]

  '@oxlint/binding-linux-riscv64-musl@1.56.0':
    resolution: {integrity: sha512-7VDOiL8cDG3DQ/CY3yKjbV1c4YPvc4vH8qW09Vv+5ukq3l/Kcyr6XGCd5NvxUmxqDb2vjMpM+eW/4JrEEsUetA==}
    engines: {node: ^20.19.0 || >=22.12.0}
    cpu: [riscv64]
    os: [linux]

  '@oxlint/binding-linux-s390x-gnu@1.56.0':
    resolution: {integrity: sha512-JGRpX0M+ikD3WpwJ7vKcHKV6Kg0dT52BW2Eu2BupXotYeqGXBrbY+QPkAyKO6MNgKozyTNaRh3r7g+VWgyAQYQ==}
    engines: {node: ^20.19.0 || >=22.12.0}
    cpu: [s390x]
    os: [linux]

  '@oxlint/binding-linux-x64-gnu@1.56.0':
    resolution: {integrity: sha512-dNaICPvtmuxFP/VbqdofrLqdS3bM/AKJN3LMJD52si44ea7Be1cBk6NpfIahaysG9Uo+L98QKddU9CD5L8UHnQ==}
    engines: {node: ^20.19.0 || >=22.12.0}
    cpu: [x64]
    os: [linux]

  '@oxlint/binding-linux-x64-musl@1.56.0':
    resolution: {integrity: sha512-pF1vOtM+GuXmbklM1hV8WMsn6tCNPvkUzklj/Ej98JhlanbmA2RB1BILgOpwSuCTRTIYx2MXssmEyQQ90QF5aA==}
    engines: {node: ^20.19.0 || >=22.12.0}
    cpu: [x64]
    os: [linux]

  '@oxlint/binding-openharmony-arm64@1.56.0':
    resolution: {integrity: sha512-bp8NQ4RE6fDIFLa4bdBiOA+TAvkNkg+rslR+AvvjlLTYXLy9/uKAYLQudaQouWihLD/hgkrXIKKzXi5IXOewwg==}
    engines: {node: ^20.19.0 || >=22.12.0}
    cpu: [arm64]
    os: [openharmony]

  '@oxlint/binding-win32-arm64-msvc@1.56.0':
    resolution: {integrity: sha512-PxT4OJDfMOQBzo3OlzFb9gkoSD+n8qSBxyVq2wQSZIHFQYGEqIRTo9M0ZStvZm5fdhMqaVYpOnJvH2hUMEDk/g==}
    engines: {node: ^20.19.0 || >=22.12.0}
    cpu: [arm64]
    os: [win32]

  '@oxlint/binding-win32-ia32-msvc@1.56.0':
    resolution: {integrity: sha512-PTRy6sIEPqy2x8PTP1baBNReN/BNEFmde0L+mYeHmjXE1Vlcc9+I5nsqENsB2yAm5wLkzPoTNCMY/7AnabT4/A==}
    engines: {node: ^20.19.0 || >=22.12.0}
    cpu: [ia32]
    os: [win32]

  '@oxlint/binding-win32-x64-msvc@1.56.0':
    resolution: {integrity: sha512-ZHa0clocjLmIDr+1LwoWtxRcoYniAvERotvwKUYKhH41NVfl0Y4LNbyQkwMZzwDvKklKGvGZ5+DAG58/Ik47tQ==}
    engines: {node: ^20.19.0 || >=22.12.0}
    cpu: [x64]
    os: [win32]

  husky@9.1.7:
    resolution: {integrity: sha512-5gs5ytaNjBrh5Ow3zrvdUUY+0VxIuWVL4i9irt6friV+BqdCfmV11CQTWMiBYWHbXhco+J1kHfTOUkePhCDvMA==}
    engines: {node: '>=18'}
    hasBin: true

  oxfmt@0.43.0:
    resolution: {integrity: sha512-KTYNG5ISfHSdmeZ25Xzb3qgz9EmQvkaGAxgBY/p38+ZiAet3uZeu7FnMwcSQJg152Qwl0wnYAxDc+Z/H6cvrwA==}
    engines: {node: ^20.19.0 || >=22.12.0}
    hasBin: true

  oxlint@1.56.0:
    resolution: {integrity: sha512-Q+5Mj5PVaH/R6/fhMMFzw4dT+KPB+kQW4kaL8FOIq7tfhlnEVp6+3lcWqFruuTNlUo9srZUW3qH7Id4pskeR6g==}
    engines: {node: ^20.19.0 || >=22.12.0}
    hasBin: true
    peerDependencies:
      oxlint-tsgolint: '>=0.15.0'
    peerDependenciesMeta:
      oxlint-tsgolint:
        optional: true

  tinypool@2.1.0:
    resolution: {integrity: sha512-Pugqs6M0m7Lv1I7FtxN4aoyToKg1C4tu+/381vH35y8oENM/Ai7f7C4StcoK4/+BSw9ebcS8jRiVrORFKCALLw==}
    engines: {node: ^20.0.0 || >=22.0.0}

snapshots:

  '@k03mad/oxlint-config@0.4.0': {}

  '@oxfmt/binding-android-arm-eabi@0.43.0':
    optional: true

  '@oxfmt/binding-android-arm64@0.43.0':
    optional: true

  '@oxfmt/binding-darwin-arm64@0.43.0':
    optional: true

  '@oxfmt/binding-darwin-x64@0.43.0':
    optional: true

  '@oxfmt/binding-freebsd-x64@0.43.0':
    optional: true

  '@oxfmt/binding-linux-arm-gnueabihf@0.43.0':
    optional: true

  '@oxfmt/binding-linux-arm-musleabihf@0.43.0':
    optional: true

  '@oxfmt/binding-linux-arm64-gnu@0.43.0':
    optional: true

  '@oxfmt/binding-linux-arm64-musl@0.43.0':
    optional: true

  '@oxfmt/binding-linux-ppc64-gnu@0.43.0':
    optional: true

  '@oxfmt/binding-linux-riscv64-gnu@0.43.0':
    optional: true

  '@oxfmt/binding-linux-riscv64-musl@0.43.0':
    optional: true

  '@oxfmt/binding-linux-s390x-gnu@0.43.0':
    optional: true

  '@oxfmt/binding-linux-x64-gnu@0.43.0':
    optional: true

  '@oxfmt/binding-linux-x64-musl@0.43.0':
    optional: true

  '@oxfmt/binding-openharmony-arm64@0.43.0':
    optional: true

  '@oxfmt/binding-win32-arm64-msvc@0.43.0':
    optional: true

  '@oxfmt/binding-win32-ia32-msvc@0.43.0':
    optional: true

  '@oxfmt/binding-win32-x64-msvc@0.43.0':
    optional: true

  '@oxlint/binding-android-arm-eabi@1.56.0':
    optional: true

  '@oxlint/binding-android-arm64@1.56.0':
    optional: true

  '@oxlint/binding-darwin-arm64@1.56.0':
    optional: true

  '@oxlint/binding-darwin-x64@1.56.0':
    optional: true

  '@oxlint/binding-freebsd-x64@1.56.0':
    optional: true

  '@oxlint/binding-linux-arm-gnueabihf@1.56.0':
    optional: true

  '@oxlint/binding-linux-arm-musleabihf@1.56.0':
    optional: true

  '@oxlint/binding-linux-arm64-gnu@1.56.0':
    optional: true

  '@oxlint/binding-linux-arm64-musl@1.56.0':
    optional: true

  '@oxlint/binding-linux-ppc64-gnu@1.56.0':
    optional: true

  '@oxlint/binding-linux-riscv64-gnu@1.56.0':
    optional: true

  '@oxlint/binding-linux-riscv64-musl@1.56.0':
    optional: true

  '@oxlint/binding-linux-s390x-gnu@1.56.0':
    optional: true

  '@oxlint/binding-linux-x64-gnu@1.56.0':
    optional: true

  '@oxlint/binding-linux-x64-musl@1.56.0':
    optional: true

  '@oxlint/binding-openharmony-arm64@1.56.0':
    optional: true

  '@oxlint/binding-win32-arm64-msvc@1.56.0':
    optional: true

  '@oxlint/binding-win32-ia32-msvc@1.56.0':
    optional: true

  '@oxlint/binding-win32-x64-msvc@1.56.0':
    optional: true

  husky@9.1.7: {}

  oxfmt@0.43.0:
    dependencies:
      tinypool: 2.1.0
    optionalDependencies:
      '@oxfmt/binding-android-arm-eabi': 0.43.0
      '@oxfmt/binding-android-arm64': 0.43.0
      '@oxfmt/binding-darwin-arm64': 0.43.0
      '@oxfmt/binding-darwin-x64': 0.43.0
      '@oxfmt/binding-freebsd-x64': 0.43.0
      '@oxfmt/binding-linux-arm-gnueabihf': 0.43.0
      '@oxfmt/binding-linux-arm-musleabihf': 0.43.0
      '@oxfmt/binding-linux-arm64-gnu': 0.43.0
      '@oxfmt/binding-linux-arm64-musl': 0.43.0
      '@oxfmt/binding-linux-ppc64-gnu': 0.43.0
      '@oxfmt/binding-linux-riscv64-gnu': 0.43.0
      '@oxfmt/binding-linux-riscv64-musl': 0.43.0
      '@oxfmt/binding-linux-s390x-gnu': 0.43.0
      '@oxfmt/binding-linux-x64-gnu': 0.43.0
      '@oxfmt/binding-linux-x64-musl': 0.43.0
      '@oxfmt/binding-openharmony-arm64': 0.43.0
      '@oxfmt/binding-win32-arm64-msvc': 0.43.0
      '@oxfmt/binding-win32-ia32-msvc': 0.43.0
      '@oxfmt/binding-win32-x64-msvc': 0.43.0

  oxlint@1.56.0:
    optionalDependencies:
      '@oxlint/binding-android-arm-eabi': 1.56.0
      '@oxlint/binding-android-arm64': 1.56.0
      '@oxlint/binding-darwin-arm64': 1.56.0
      '@oxlint/binding-darwin-x64': 1.56.0
      '@oxlint/binding-freebsd-x64': 1.56.0
      '@oxlint/binding-linux-arm-gnueabihf': 1.56.0
      '@oxlint/binding-linux-arm-musleabihf': 1.56.0
      '@oxlint/binding-linux-arm64-gnu': 1.56.0
      '@oxlint/binding-linux-arm64-musl': 1.56.0
      '@oxlint/binding-linux-ppc64-gnu': 1.56.0
      '@oxlint/binding-linux-riscv64-gnu': 1.56.0
      '@oxlint/binding-linux-riscv64-musl': 1.56.0
      '@oxlint/binding-linux-s390x-gnu': 1.56.0
      '@oxlint/binding-linux-x64-gnu': 1.56.0
      '@oxlint/binding-linux-x64-musl': 1.56.0
      '@oxlint/binding-openharmony-arm64': 1.56.0
      '@oxlint/binding-win32-arm64-msvc': 1.56.0
      '@oxlint/binding-win32-ia32-msvc': 1.56.0
      '@oxlint/binding-win32-x64-msvc': 1.56.0

  tinypool@2.1.0: {}
